
Microsoft Visual Studio Solution File, Format Version 12.00
# Visual Studio Version 16
VisualStudioVersion = 16.0.29806.167
MinimumVisualStudioVersion = 10.0.40219.1
Project("{FAE04EC0-301F-11D3-BF4B-00C04F79EFBC}") = "Micro_Project", "Micro_Project\Micro_Project.csproj", "{314E796E-88CC-4041-8FD6-F6721EF23282}"
EndProject
Global
	GlobalSection(SolutionConfigurationPlatforms) = preSolution
		Debug|Any CPU = Debug|Any CPU
		Release|Any CPU = Release|Any CPU
	EndGlobalSection
	GlobalSection(ProjectConfigurationPlatforms) = postSolution
		{314E796E-88CC-4041-8FD6-F6721EF23282}.Debug|Any CPU.ActiveCfg = Debug|Any CPU
		{314E796E-88CC-4041-8FD6-F6721EF23282}.Debug|Any CPU.Build.0 = Debug|Any CPU
		{314E796E-88CC-4041-8FD6-F6721EF23282}.Release|Any CPU.ActiveCfg = Release|Any CPU
		{314E796E-88CC-4041-8FD6-F6721EF23282}.Release|Any CPU.Build.0 = Release|Any CPU
	EndGlobalSection
	GlobalSection(SolutionProperties) = preSolution
		HideSolutionNode = FALSE
	EndGlobalSection
	GlobalSection(ExtensibilityGlobals) = postSolution
		SolutionGuid = {10C74A9E-F871-4FE5-93E8-38F9CE6B30DB}
	EndGlobalSection
EndGlobal
